# Placeholder-blob allowlist for private media paths.
#
# apps/web/public/ ships PLACEHOLDERS at the master paths; the real private
# photos and video live only on the maintainer's disk, overlaid by
# tools/restore-private-media.sh and hidden from git with `skip-worktree`.
#
# skip-worktree is a caching hint, not a security boundary: git porcelain
# (stash, reset --hard, checkout across branches, rebase, am, read-tree -m -u,
# sparse-checkout, and libgit2/JGit clients) clears it routinely. When it is
# cleared, ~5 MB of real private media shows up as an ordinary modification and
# one `git commit -a` publishes it — into a public repository's history, where
# it is effectively unrecoverable.
#
# This file is that boundary. It pins the exact placeholder blob expected at
# each protected path, so a real file cannot be committed by accident: the blob
# SHA differs, and tools/assert-placeholders.sh rejects it in the pre-commit
# hook and in CI. Sizes are NOT a usable discriminator here — the smallest real
# master (square-mid-left.avif, 22.5 KB) is smaller than several legitimately
# committed assets (wedding_photo-1536.webp, 111 KB).
#
# Regenerate DELIBERATELY, and only after reading the diff:
#   tools/assert-placeholders.sh --update
#
# <blob-sha>  <path>
d5a736979c59ab72cf8cf02197469605825e3041  apps/web/public/awal-perkenalan.avif
58154fe9df6910d0a85c509765c8ce6dd46a9e67  apps/web/public/awal-perkenalan.webp
8860738634324dc30c12af24f42d900ab6eb725e  apps/web/public/center-focus.avif
0d5383975ffe6545c42a0bdc4bc0a1a2fdcae1c1  apps/web/public/center-focus.webp
f380ebacb22e36c1481ee546c1b585ccf502e723  apps/web/public/keluarga-acik.avif
8b4b0fb5a45743301060ca0b3080446248be3546  apps/web/public/keluarga-acik.webp
0c5f65395bffbecd7c362ce96a8ac30dfcfe2e5e  apps/web/public/keluarga-yofri.avif
b612be84e91d4682dea5ddb3182a875db5784cbc  apps/web/public/keluarga-yofri.webp
a17422645ee88964797c939b66f6ac286dc3e1ea  apps/web/public/lamaran.mp4
bd63a085f0c435568539fc616a850c0d5416bf92  apps/web/public/lamaran-poster.webp
1b8274808d1c7e8656fab9523406df31a3a9c401  apps/web/public/landscape-bottom-right.avif
303f9463035307badd5739c7971fa00273fc27c6  apps/web/public/landscape-bottom-right.webp
226921658a6f91d3f79706041f582bd9e9b48116  apps/web/public/landscape-mid-bottom.avif
142c08eb838a8a231da9b5cfab1d506301428173  apps/web/public/landscape-mid-bottom.webp
71451fd423879c6a3aa0091e9f360584b8d019b9  apps/web/public/landscape-mid-left.avif
e7629fd3c163f86d0730f455a6d95b5fa1ad17d4  apps/web/public/landscape-mid-left.webp
7793a60b19172afdbf99f707abda82b8c495f22f  apps/web/public/landscape-top-left.avif
59eab23fddc74f9a908f3492f7c0f54d4a29bac8  apps/web/public/landscape-top-left.webp
6ae023567dbe03c99f98bfdc3108cc457d9f02db  apps/web/public/portrait-bottom-left.avif
5a94fd7cd60292652d19f6ffe1f078ba46f9b825  apps/web/public/portrait-bottom-left.webp
c4f77e45f839dcf36d27349f7d3296fa14b2c8be  apps/web/public/square-lower-left.avif
324a5342281c01e83acbe2d0614e526fe6f90365  apps/web/public/square-lower-left.webp
611a3f602992207299ed48df212a3e2636765cda  apps/web/public/square-mid-left.avif
60953b97e127d81e3e7a2c025d74a94b9c4f4acc  apps/web/public/square-mid-left.webp
71451fd423879c6a3aa0091e9f360584b8d019b9  apps/web/public/square-mid-right.avif
e7629fd3c163f86d0730f455a6d95b5fa1ad17d4  apps/web/public/square-mid-right.webp
b7ba0627520e054a08711ec365368fdc38f61402  apps/web/public/square-top-right.avif
5e4b468b9fbf925134abbad44fe511a3d7b7e795  apps/web/public/square-top-right.webp
b7ba0627520e054a08711ec365368fdc38f61402  apps/web/public/square-upper-right.avif
5e4b468b9fbf925134abbad44fe511a3d7b7e795  apps/web/public/square-upper-right.webp
36dadff678fe6fce9f181a60c327d88b4aa1b69b  apps/web/public/wedding_photo-1024.avif
c7c88a526e9aac00faefd584e705ef642530f0da  apps/web/public/wedding_photo-1024.webp
1104087b9ab6d07ca20978a8324a04f37615aa74  apps/web/public/wedding_photo-1536.avif
da0c554bd4579610477c42cdc62c3f5d88865db1  apps/web/public/wedding_photo-1536.webp
16fa060cad5145d1462704b9f9bf968492b79853  apps/web/public/wedding_photo-390.avif
4e1dc23b1ab0bca90c588f0ef1ba33fa7f375cc7  apps/web/public/wedding_photo-390.webp
f8f179b4b6dc7342c3f020bc8eec16cc2153c2b7  apps/web/public/wedding_photo-640.avif
d37daf70e811b83d274bbaacb8cadbdb4ab06131  apps/web/public/wedding_photo-640.webp
f1fa4b027c0af1f984d61f8b63f01cded04713b3  apps/web/public/wedding_photo.avif
7a87635880ac403e94c2f282fe66f9eb3be00916  apps/web/public/wedding_photo.webp
3afe1c37047970280241e1178588095da3d2e771  apps/web/public/wedding_photo_blur.avif
42ac6e69467472cadf5b63dbbc55d4e74f69d68f  apps/web/public/wedding_photo_blur.webp
